
Microsoft Visual Studio Solution File, Format Version 12.00
# Visual Studio Version 17
VisualStudioVersion = 17.0.31903.59
MinimumVisualStudioVersion = 10.0.40219.1
Project("{2150E333-8FDC-42A3-9474-1A3956D46DE8}") = "src", "src", "{827E0CD3-B72D-47B6-A68D-7590B98EB39B}"
	ProjectSection(SolutionItems) = preProject
		src\Directory.Build.props = src\Directory.Build.props
	EndProjectSection
EndProject
Project("{FAE04EC0-301F-11D3-BF4B-00C04F79EFBC}") = "Nuplane.Abstractions", "src\Nuplane.Abstractions\Nuplane.Abstractions.csproj", "{923D9AB1-A683-42D6-8A33-D92C25620865}"
EndProject
Project("{FAE04EC0-301F-11D3-BF4B-00C04F79EFBC}") = "Nuplane.Sources.Directory", "src\Nuplane.Sources.Directory\Nuplane.Sources.Directory.csproj", "{573C1FD9-F7B9-4E21-9403-C80048C515A7}"
EndProject
Project("{FAE04EC0-301F-11D3-BF4B-00C04F79EFBC}") = "Nuplane.Loading", "src\Nuplane.Loading\Nuplane.Loading.csproj", "{97DABBE8-D73C-4D24-B2DB-758F0A8147FF}"
EndProject
Project("{2150E333-8FDC-42A3-9474-1A3956D46DE8}") = "samples", "samples", "{5D20AA90-6969-D8BD-9DCD-8634F4692FDA}"
EndProject
Project("{FAE04EC0-301F-11D3-BF4B-00C04F79EFBC}") = "Nuplane.Sample.AspNetCore", "samples\Nuplane.Sample.AspNetCore\Nuplane.Sample.AspNetCore.csproj", "{E968D565-AF2F-443E-9A34-CDB6E62D9650}"
EndProject
Project("{2150E333-8FDC-42A3-9474-1A3956D46DE8}") = "test", "test", "{0C88DD14-F956-CE84-757C-A364CCF449FC}"
	ProjectSection(SolutionItems) = preProject
		test\Directory.Build.props = test\Directory.Build.props
	EndProjectSection
EndProject
Project("{FAE04EC0-301F-11D3-BF4B-00C04F79EFBC}") = "Nuplane.Runtime.Tests", "test\Nuplane.Runtime.Tests\Nuplane.Runtime.Tests.csproj", "{557FDAD4-FF88-47C1-9514-BCA0E7B07550}"
EndProject
Project("{FAE04EC0-301F-11D3-BF4B-00C04F79EFBC}") = "Nuplane.Sources.Directory.Tests", "test\Nuplane.Sources.Directory.Tests\Nuplane.Sources.Directory.Tests.csproj", "{C6B9D276-0E9B-4BD1-BE0D-4B2B8D6A4C6F}"
EndProject
Project("{FAE04EC0-301F-11D3-BF4B-00C04F79EFBC}") = "Nuplane.Store.Tests", "test\Nuplane.Store.Tests\Nuplane.Store.Tests.csproj", "{1C94AA72-F29F-4A01-AAE0-AEBDD7CB574C}"
EndProject
Project("{FAE04EC0-301F-11D3-BF4B-00C04F79EFBC}") = "Nuplane.Integration.Tests", "test\Nuplane.Integration.Tests\Nuplane.Integration.Tests.csproj", "{FE7E8A54-77F4-4E0A-97D8-98173A34A7EC}"
EndProject
Project("{2150E333-8FDC-42A3-9474-1A3956D46DE8}") = "solution", "solution", "{B8C2A4B2-5750-4DAF-BF88-9D5CED940F14}"
	ProjectSection(SolutionItems) = preProject
		Directory.Build.props = Directory.Build.props
		Directory.Packages.props = Directory.Packages.props
		NuGet.config = NuGet.config
		README.md = README.md
		logo.png = logo.png
	EndProjectSection
EndProject
Project("{FAE04EC0-301F-11D3-BF4B-00C04F79EFBC}") = "Nuplane.Loading.Abstractions", "src\Nuplane.Loading.Abstractions\Nuplane.Loading.Abstractions.csproj", "{2DCAD36E-181F-454D-AFF5-1DF7313DE9FF}"
EndProject
Project("{FAE04EC0-301F-11D3-BF4B-00C04F79EFBC}") = "Nuplane", "src\Nuplane\Nuplane.csproj", "{72324F7F-5AA3-495F-9CCD-9546096FF2F3}"
EndProject
Project("{2150E333-8FDC-42A3-9474-1A3956D46DE8}") = "docs", "docs", "{B5399A3A-BDFA-4BB9-BD23-F3A0D7A0B4FE}"
	ProjectSection(SolutionItems) = preProject
		docs\coding-conventions.md = docs\coding-conventions.md
		docs\roadmap.md = docs\roadmap.md
	EndProjectSection
EndProject
Project("{FAE04EC0-301F-11D3-BF4B-00C04F79EFBC}") = "Nuplane.Loading.Tests.Fixtures", "test\Nuplane.Loading.Tests.Fixtures\Nuplane.Loading.Tests.Fixtures.csproj", "{00281DE1-F8DF-4BB8-B3B6-787FB8406E72}"
EndProject
Project("{FAE04EC0-301F-11D3-BF4B-00C04F79EFBC}") = "Nuplane.Loading.Tests", "test\Nuplane.Loading.Tests\Nuplane.Loading.Tests.csproj", "{849142DF-61A7-4691-A4A0-6DFAC6A55D18}"
EndProject
Project("{FAE04EC0-301F-11D3-BF4B-00C04F79EFBC}") = "Nuplane.Admin.Api", "src\Nuplane.Admin.Api\Nuplane.Admin.Api.csproj", "{E81BB22E-BB36-4D94-9086-DF74A78DBDCD}"
EndProject
Project("{FAE04EC0-301F-11D3-BF4B-00C04F79EFBC}") = "Nuplane.Loading.Api", "src\Nuplane.Loading.Api\Nuplane.Loading.Api.csproj", "{6E995C83-3455-4D5E-9308-1C0E0495A1F5}"
EndProject
Project("{FAE04EC0-301F-11D3-BF4B-00C04F79EFBC}") = "Nuplane.Sample.Abstractions", "samples\Nuplane.Sample.Abstractions\Nuplane.Sample.Abstractions.csproj", "{2310C33C-0F7A-420C-A66F-CBC715823A9A}"
EndProject
Project("{FAE04EC0-301F-11D3-BF4B-00C04F79EFBC}") = "Nuplane.Sample.Plugin", "samples\Nuplane.Sample.Plugin\Nuplane.Sample.Plugin.csproj", "{5F956B29-018D-4D9D-82B6-E7A4EC2071D7}"
EndProject
Project("{FAE04EC0-301F-11D3-BF4B-00C04F79EFBC}") = "Nuplane.Admin", "src\Nuplane.Admin\Nuplane.Admin.csproj", "{2D07B8D5-6117-46FF-A862-A23D0808EF0E}"
EndProject
Project("{FAE04EC0-301F-11D3-BF4B-00C04F79EFBC}") = "Nuplane.NuGet.Tests", "test\Nuplane.NuGet.Tests\Nuplane.NuGet.Tests.csproj", "{8CCB01CC-2F6E-45D6-8028-326FCE76BF5A}"
EndProject
Project("{FAE04EC0-301F-11D3-BF4B-00C04F79EFBC}") = "Nuplane.Loading.Tests.Fixtures.BrokenDependency", "test\Nuplane.Loading.Tests.Fixtures.BrokenDependency\Nuplane.Loading.Tests.Fixtures.BrokenDependency.csproj", "{2E0629B3-C1FB-479F-B444-DFF1FA8F5F89}"
EndProject
Project("{FAE04EC0-301F-11D3-BF4B-00C04F79EFBC}") = "Nuplane.Loading.Tests.Fixtures.BrokenCandidate", "test\Nuplane.Loading.Tests.Fixtures.BrokenCandidate\Nuplane.Loading.Tests.Fixtures.BrokenCandidate.csproj", "{10EF093C-D02A-494A-B966-795D369DCC70}"
EndProject
Project("{2150E333-8FDC-42A3-9474-1A3956D46DE8}") = "github", "github", "{5C5BFC1D-AF5B-4663-AD0F-013A2A15BD7B}"
EndProject
Project("{2150E333-8FDC-42A3-9474-1A3956D46DE8}") = "workflows", "workflows", "{512DF290-0AB1-442F-AA22-8ECCD694B269}"
	ProjectSection(SolutionItems) = preProject
		.github\workflows\publish-packages.yml = .github\workflows\publish-packages.yml
	EndProjectSection
EndProject
Global
	GlobalSection(SolutionConfigurationPlatforms) = preSolution
		Debug|Any CPU = Debug|Any CPU
		Debug|x64 = Debug|x64
		Debug|x86 = Debug|x86
		Release|Any CPU = Release|Any CPU
		Release|x64 = Release|x64
		Release|x86 = Release|x86
	EndGlobalSection
	GlobalSection(ProjectConfigurationPlatforms) = postSolution
		{923D9AB1-A683-42D6-8A33-D92C25620865}.Debug|Any CPU.ActiveCfg = Debug|Any CPU
		{923D9AB1-A683-42D6-8A33-D92C25620865}.Debug|Any CPU.Build.0 = Debug|Any CPU
		{923D9AB1-A683-42D6-8A33-D92C25620865}.Debug|x64.ActiveCfg = Debug|Any CPU
		{923D9AB1-A683-42D6-8A33-D92C25620865}.Debug|x64.Build.0 = Debug|Any CPU
		{923D9AB1-A683-42D6-8A33-D92C25620865}.Debug|x86.ActiveCfg = Debug|Any CPU
		{923D9AB1-A683-42D6-8A33-D92C25620865}.Debug|x86.Build.0 = Debug|Any CPU
		{923D9AB1-A683-42D6-8A33-D92C25620865}.Release|Any CPU.ActiveCfg = Release|Any CPU
		{923D9AB1-A683-42D6-8A33-D92C25620865}.Release|Any CPU.Build.0 = Release|Any CPU
		{923D9AB1-A683-42D6-8A33-D92C25620865}.Release|x64.ActiveCfg = Release|Any CPU
		{923D9AB1-A683-42D6-8A33-D92C25620865}.Release|x64.Build.0 = Release|Any CPU
		{923D9AB1-A683-42D6-8A33-D92C25620865}.Release|x86.ActiveCfg = Release|Any CPU
		{923D9AB1-A683-42D6-8A33-D92C25620865}.Release|x86.Build.0 = Release|Any CPU
		{573C1FD9-F7B9-4E21-9403-C80048C515A7}.Debug|Any CPU.ActiveCfg = Debug|Any CPU
		{573C1FD9-F7B9-4E21-9403-C80048C515A7}.Debug|Any CPU.Build.0 = Debug|Any CPU
		{573C1FD9-F7B9-4E21-9403-C80048C515A7}.Debug|x64.ActiveCfg = Debug|Any CPU
		{573C1FD9-F7B9-4E21-9403-C80048C515A7}.Debug|x64.Build.0 = Debug|Any CPU
		{573C1FD9-F7B9-4E21-9403-C80048C515A7}.Debug|x86.ActiveCfg = Debug|Any CPU
		{573C1FD9-F7B9-4E21-9403-C80048C515A7}.Debug|x86.Build.0 = Debug|Any CPU
		{573C1FD9-F7B9-4E21-9403-C80048C515A7}.Release|Any CPU.ActiveCfg = Release|Any CPU
		{573C1FD9-F7B9-4E21-9403-C80048C515A7}.Release|Any CPU.Build.0 = Release|Any CPU
		{573C1FD9-F7B9-4E21-9403-C80048C515A7}.Release|x64.ActiveCfg = Release|Any CPU
		{573C1FD9-F7B9-4E21-9403-C80048C515A7}.Release|x64.Build.0 = Release|Any CPU
		{573C1FD9-F7B9-4E21-9403-C80048C515A7}.Release|x86.ActiveCfg = Release|Any CPU
		{573C1FD9-F7B9-4E21-9403-C80048C515A7}.Release|x86.Build.0 = Release|Any CPU
		{97DABBE8-D73C-4D24-B2DB-758F0A8147FF}.Debug|Any CPU.ActiveCfg = Debug|Any CPU
		{97DABBE8-D73C-4D24-B2DB-758F0A8147FF}.Debug|Any CPU.Build.0 = Debug|Any CPU
		{97DABBE8-D73C-4D24-B2DB-758F0A8147FF}.Debug|x64.ActiveCfg = Debug|Any CPU
		{97DABBE8-D73C-4D24-B2DB-758F0A8147FF}.Debug|x64.Build.0 = Debug|Any CPU
		{97DABBE8-D73C-4D24-B2DB-758F0A8147FF}.Debug|x86.ActiveCfg = Debug|Any CPU
		{97DABBE8-D73C-4D24-B2DB-758F0A8147FF}.Debug|x86.Build.0 = Debug|Any CPU
		{97DABBE8-D73C-4D24-B2DB-758F0A8147FF}.Release|Any CPU.ActiveCfg = Release|Any CPU
		{97DABBE8-D73C-4D24-B2DB-758F0A8147FF}.Release|Any CPU.Build.0 = Release|Any CPU
		{97DABBE8-D73C-4D24-B2DB-758F0A8147FF}.Release|x64.ActiveCfg = Release|Any CPU
		{97DABBE8-D73C-4D24-B2DB-758F0A8147FF}.Release|x64.Build.0 = Release|Any CPU
		{97DABBE8-D73C-4D24-B2DB-758F0A8147FF}.Release|x86.ActiveCfg = Release|Any CPU
		{97DABBE8-D73C-4D24-B2DB-758F0A8147FF}.Release|x86.Build.0 = Release|Any CPU
		{E968D565-AF2F-443E-9A34-CDB6E62D9650}.Debug|Any CPU.ActiveCfg = Debug|Any CPU
		{E968D565-AF2F-443E-9A34-CDB6E62D9650}.Debug|Any CPU.Build.0 = Debug|Any CPU
		{E968D565-AF2F-443E-9A34-CDB6E62D9650}.Debug|x64.ActiveCfg = Debug|Any CPU
		{E968D565-AF2F-443E-9A34-CDB6E62D9650}.Debug|x64.Build.0 = Debug|Any CPU
		{E968D565-AF2F-443E-9A34-CDB6E62D9650}.Debug|x86.ActiveCfg = Debug|Any CPU
		{E968D565-AF2F-443E-9A34-CDB6E62D9650}.Debug|x86.Build.0 = Debug|Any CPU
		{E968D565-AF2F-443E-9A34-CDB6E62D9650}.Release|Any CPU.ActiveCfg = Release|Any CPU
		{E968D565-AF2F-443E-9A34-CDB6E62D9650}.Release|Any CPU.Build.0 = Release|Any CPU
		{E968D565-AF2F-443E-9A34-CDB6E62D9650}.Release|x64.ActiveCfg = Release|Any CPU
		{E968D565-AF2F-443E-9A34-CDB6E62D9650}.Release|x64.Build.0 = Release|Any CPU
		{E968D565-AF2F-443E-9A34-CDB6E62D9650}.Release|x86.ActiveCfg = Release|Any CPU
		{E968D565-AF2F-443E-9A34-CDB6E62D9650}.Release|x86.Build.0 = Release|Any CPU
		{557FDAD4-FF88-47C1-9514-BCA0E7B07550}.Debug|Any CPU.ActiveCfg = Debug|Any CPU
		{557FDAD4-FF88-47C1-9514-BCA0E7B07550}.Debug|Any CPU.Build.0 = Debug|Any CPU
		{557FDAD4-FF88-47C1-9514-BCA0E7B07550}.Debug|x64.ActiveCfg = Debug|Any CPU
		{557FDAD4-FF88-47C1-9514-BCA0E7B07550}.Debug|x64.Build.0 = Debug|Any CPU
		{557FDAD4-FF88-47C1-9514-BCA0E7B07550}.Debug|x86.ActiveCfg = Debug|Any CPU
		{557FDAD4-FF88-47C1-9514-BCA0E7B07550}.Debug|x86.Build.0 = Debug|Any CPU
		{557FDAD4-FF88-47C1-9514-BCA0E7B07550}.Release|Any CPU.ActiveCfg = Release|Any CPU
		{557FDAD4-FF88-47C1-9514-BCA0E7B07550}.Release|Any CPU.Build.0 = Release|Any CPU
		{557FDAD4-FF88-47C1-9514-BCA0E7B07550}.Release|x64.ActiveCfg = Release|Any CPU
		{557FDAD4-FF88-47C1-9514-BCA0E7B07550}.Release|x64.Build.0 = Release|Any CPU
		{557FDAD4-FF88-47C1-9514-BCA0E7B07550}.Release|x86.ActiveCfg = Release|Any CPU
		{557FDAD4-FF88-47C1-9514-BCA0E7B07550}.Release|x86.Build.0 = Release|Any CPU
		{C6B9D276-0E9B-4BD1-BE0D-4B2B8D6A4C6F}.Debug|Any CPU.ActiveCfg = Debug|Any CPU
		{C6B9D276-0E9B-4BD1-BE0D-4B2B8D6A4C6F}.Debug|Any CPU.Build.0 = Debug|Any CPU
		{C6B9D276-0E9B-4BD1-BE0D-4B2B8D6A4C6F}.Debug|x64.ActiveCfg = Debug|Any CPU
		{C6B9D276-0E9B-4BD1-BE0D-4B2B8D6A4C6F}.Debug|x64.Build.0 = Debug|Any CPU
		{C6B9D276-0E9B-4BD1-BE0D-4B2B8D6A4C6F}.Debug|x86.ActiveCfg = Debug|Any CPU
		{C6B9D276-0E9B-4BD1-BE0D-4B2B8D6A4C6F}.Debug|x86.Build.0 = Debug|Any CPU
		{C6B9D276-0E9B-4BD1-BE0D-4B2B8D6A4C6F}.Release|Any CPU.ActiveCfg = Release|Any CPU
		{C6B9D276-0E9B-4BD1-BE0D-4B2B8D6A4C6F}.Release|Any CPU.Build.0 = Release|Any CPU
		{C6B9D276-0E9B-4BD1-BE0D-4B2B8D6A4C6F}.Release|x64.ActiveCfg = Release|Any CPU
		{C6B9D276-0E9B-4BD1-BE0D-4B2B8D6A4C6F}.Release|x64.Build.0 = Release|Any CPU
		{C6B9D276-0E9B-4BD1-BE0D-4B2B8D6A4C6F}.Release|x86.ActiveCfg = Release|Any CPU
		{C6B9D276-0E9B-4BD1-BE0D-4B2B8D6A4C6F}.Release|x86.Build.0 = Release|Any CPU
		{1C94AA72-F29F-4A01-AAE0-AEBDD7CB574C}.Debug|Any CPU.ActiveCfg = Debug|Any CPU
		{1C94AA72-F29F-4A01-AAE0-AEBDD7CB574C}.Debug|Any CPU.Build.0 = Debug|Any CPU
		{1C94AA72-F29F-4A01-AAE0-AEBDD7CB574C}.Debug|x64.ActiveCfg = Debug|Any CPU
		{1C94AA72-F29F-4A01-AAE0-AEBDD7CB574C}.Debug|x64.Build.0 = Debug|Any CPU
		{1C94AA72-F29F-4A01-AAE0-AEBDD7CB574C}.Debug|x86.ActiveCfg = Debug|Any CPU
		{1C94AA72-F29F-4A01-AAE0-AEBDD7CB574C}.Debug|x86.Build.0 = Debug|Any CPU
		{1C94AA72-F29F-4A01-AAE0-AEBDD7CB574C}.Release|Any CPU.ActiveCfg = Release|Any CPU
		{1C94AA72-F29F-4A01-AAE0-AEBDD7CB574C}.Release|Any CPU.Build.0 = Release|Any CPU
		{1C94AA72-F29F-4A01-AAE0-AEBDD7CB574C}.Release|x64.ActiveCfg = Release|Any CPU
		{1C94AA72-F29F-4A01-AAE0-AEBDD7CB574C}.Release|x64.Build.0 = Release|Any CPU
		{1C94AA72-F29F-4A01-AAE0-AEBDD7CB574C}.Release|x86.ActiveCfg = Release|Any CPU
		{1C94AA72-F29F-4A01-AAE0-AEBDD7CB574C}.Release|x86.Build.0 = Release|Any CPU
		{FE7E8A54-77F4-4E0A-97D8-98173A34A7EC}.Debug|Any CPU.ActiveCfg = Debug|Any CPU
		{FE7E8A54-77F4-4E0A-97D8-98173A34A7EC}.Debug|Any CPU.Build.0 = Debug|Any CPU
		{FE7E8A54-77F4-4E0A-97D8-98173A34A7EC}.Debug|x64.ActiveCfg = Debug|Any CPU
		{FE7E8A54-77F4-4E0A-97D8-98173A34A7EC}.Debug|x64.Build.0 = Debug|Any CPU
		{FE7E8A54-77F4-4E0A-97D8-98173A34A7EC}.Debug|x86.ActiveCfg = Debug|Any CPU
		{FE7E8A54-77F4-4E0A-97D8-98173A34A7EC}.Debug|x86.Build.0 = Debug|Any CPU
		{FE7E8A54-77F4-4E0A-97D8-98173A34A7EC}.Release|Any CPU.ActiveCfg = Release|Any CPU
		{FE7E8A54-77F4-4E0A-97D8-98173A34A7EC}.Release|Any CPU.Build.0 = Release|Any CPU
		{FE7E8A54-77F4-4E0A-97D8-98173A34A7EC}.Release|x64.ActiveCfg = Release|Any CPU
		{FE7E8A54-77F4-4E0A-97D8-98173A34A7EC}.Release|x64.Build.0 = Release|Any CPU
		{FE7E8A54-77F4-4E0A-97D8-98173A34A7EC}.Release|x86.ActiveCfg = Release|Any CPU
		{FE7E8A54-77F4-4E0A-97D8-98173A34A7EC}.Release|x86.Build.0 = Release|Any CPU
		{2DCAD36E-181F-454D-AFF5-1DF7313DE9FF}.Debug|Any CPU.ActiveCfg = Debug|Any CPU
		{2DCAD36E-181F-454D-AFF5-1DF7313DE9FF}.Debug|Any CPU.Build.0 = Debug|Any CPU
		{2DCAD36E-181F-454D-AFF5-1DF7313DE9FF}.Debug|x64.ActiveCfg = Debug|Any CPU
		{2DCAD36E-181F-454D-AFF5-1DF7313DE9FF}.Debug|x64.Build.0 = Debug|Any CPU
		{2DCAD36E-181F-454D-AFF5-1DF7313DE9FF}.Debug|x86.ActiveCfg = Debug|Any CPU
		{2DCAD36E-181F-454D-AFF5-1DF7313DE9FF}.Debug|x86.Build.0 = Debug|Any CPU
		{2DCAD36E-181F-454D-AFF5-1DF7313DE9FF}.Release|Any CPU.ActiveCfg = Release|Any CPU
		{2DCAD36E-181F-454D-AFF5-1DF7313DE9FF}.Release|Any CPU.Build.0 = Release|Any CPU
		{2DCAD36E-181F-454D-AFF5-1DF7313DE9FF}.Release|x64.ActiveCfg = Release|Any CPU
		{2DCAD36E-181F-454D-AFF5-1DF7313DE9FF}.Release|x64.Build.0 = Release|Any CPU
		{2DCAD36E-181F-454D-AFF5-1DF7313DE9FF}.Release|x86.ActiveCfg = Release|Any CPU
		{2DCAD36E-181F-454D-AFF5-1DF7313DE9FF}.Release|x86.Build.0 = Release|Any CPU
		{72324F7F-5AA3-495F-9CCD-9546096FF2F3}.Debug|Any CPU.ActiveCfg = Debug|Any CPU
		{72324F7F-5AA3-495F-9CCD-9546096FF2F3}.Debug|Any CPU.Build.0 = Debug|Any CPU
		{72324F7F-5AA3-495F-9CCD-9546096FF2F3}.Debug|x64.ActiveCfg = Debug|Any CPU
		{72324F7F-5AA3-495F-9CCD-9546096FF2F3}.Debug|x64.Build.0 = Debug|Any CPU
		{72324F7F-5AA3-495F-9CCD-9546096FF2F3}.Debug|x86.ActiveCfg = Debug|Any CPU
		{72324F7F-5AA3-495F-9CCD-9546096FF2F3}.Debug|x86.Build.0 = Debug|Any CPU
		{72324F7F-5AA3-495F-9CCD-9546096FF2F3}.Release|Any CPU.ActiveCfg = Release|Any CPU
		{72324F7F-5AA3-495F-9CCD-9546096FF2F3}.Release|Any CPU.Build.0 = Release|Any CPU
		{72324F7F-5AA3-495F-9CCD-9546096FF2F3}.Release|x64.ActiveCfg = Release|Any CPU
		{72324F7F-5AA3-495F-9CCD-9546096FF2F3}.Release|x64.Build.0 = Release|Any CPU
		{72324F7F-5AA3-495F-9CCD-9546096FF2F3}.Release|x86.ActiveCfg = Release|Any CPU
		{72324F7F-5AA3-495F-9CCD-9546096FF2F3}.Release|x86.Build.0 = Release|Any CPU
		{00281DE1-F8DF-4BB8-B3B6-787FB8406E72}.Debug|Any CPU.ActiveCfg = Debug|Any CPU
		{00281DE1-F8DF-4BB8-B3B6-787FB8406E72}.Debug|Any CPU.Build.0 = Debug|Any CPU
		{00281DE1-F8DF-4BB8-B3B6-787FB8406E72}.Debug|x64.ActiveCfg = Debug|Any CPU
		{00281DE1-F8DF-4BB8-B3B6-787FB8406E72}.Debug|x64.Build.0 = Debug|Any CPU
		{00281DE1-F8DF-4BB8-B3B6-787FB8406E72}.Debug|x86.ActiveCfg = Debug|Any CPU
		{00281DE1-F8DF-4BB8-B3B6-787FB8406E72}.Debug|x86.Build.0 = Debug|Any CPU
		{00281DE1-F8DF-4BB8-B3B6-787FB8406E72}.Release|Any CPU.ActiveCfg = Release|Any CPU
		{00281DE1-F8DF-4BB8-B3B6-787FB8406E72}.Release|Any CPU.Build.0 = Release|Any CPU
		{00281DE1-F8DF-4BB8-B3B6-787FB8406E72}.Release|x64.ActiveCfg = Release|Any CPU
		{00281DE1-F8DF-4BB8-B3B6-787FB8406E72}.Release|x64.Build.0 = Release|Any CPU
		{00281DE1-F8DF-4BB8-B3B6-787FB8406E72}.Release|x86.ActiveCfg = Release|Any CPU
		{00281DE1-F8DF-4BB8-B3B6-787FB8406E72}.Release|x86.Build.0 = Release|Any CPU
		{849142DF-61A7-4691-A4A0-6DFAC6A55D18}.Debug|Any CPU.ActiveCfg = Debug|Any CPU
		{849142DF-61A7-4691-A4A0-6DFAC6A55D18}.Debug|Any CPU.Build.0 = Debug|Any CPU
		{849142DF-61A7-4691-A4A0-6DFAC6A55D18}.Debug|x64.ActiveCfg = Debug|Any CPU
		{849142DF-61A7-4691-A4A0-6DFAC6A55D18}.Debug|x64.Build.0 = Debug|Any CPU
		{849142DF-61A7-4691-A4A0-6DFAC6A55D18}.Debug|x86.ActiveCfg = Debug|Any CPU
		{849142DF-61A7-4691-A4A0-6DFAC6A55D18}.Debug|x86.Build.0 = Debug|Any CPU
		{849142DF-61A7-4691-A4A0-6DFAC6A55D18}.Release|Any CPU.ActiveCfg = Release|Any CPU
		{849142DF-61A7-4691-A4A0-6DFAC6A55D18}.Release|Any CPU.Build.0 = Release|Any CPU
		{849142DF-61A7-4691-A4A0-6DFAC6A55D18}.Release|x64.ActiveCfg = Release|Any CPU
		{849142DF-61A7-4691-A4A0-6DFAC6A55D18}.Release|x64.Build.0 = Release|Any CPU
		{849142DF-61A7-4691-A4A0-6DFAC6A55D18}.Release|x86.ActiveCfg = Release|Any CPU
		{849142DF-61A7-4691-A4A0-6DFAC6A55D18}.Release|x86.Build.0 = Release|Any CPU
		{E81BB22E-BB36-4D94-9086-DF74A78DBDCD}.Debug|Any CPU.ActiveCfg = Debug|Any CPU
		{E81BB22E-BB36-4D94-9086-DF74A78DBDCD}.Debug|Any CPU.Build.0 = Debug|Any CPU
		{E81BB22E-BB36-4D94-9086-DF74A78DBDCD}.Debug|x64.ActiveCfg = Debug|Any CPU
		{E81BB22E-BB36-4D94-9086-DF74A78DBDCD}.Debug|x64.Build.0 = Debug|Any CPU
		{E81BB22E-BB36-4D94-9086-DF74A78DBDCD}.Debug|x86.ActiveCfg = Debug|Any CPU
		{E81BB22E-BB36-4D94-9086-DF74A78DBDCD}.Debug|x86.Build.0 = Debug|Any CPU
		{E81BB22E-BB36-4D94-9086-DF74A78DBDCD}.Release|Any CPU.ActiveCfg = Release|Any CPU
		{E81BB22E-BB36-4D94-9086-DF74A78DBDCD}.Release|Any CPU.Build.0 = Release|Any CPU
		{E81BB22E-BB36-4D94-9086-DF74A78DBDCD}.Release|x64.ActiveCfg = Release|Any CPU
		{E81BB22E-BB36-4D94-9086-DF74A78DBDCD}.Release|x64.Build.0 = Release|Any CPU
		{E81BB22E-BB36-4D94-9086-DF74A78DBDCD}.Release|x86.ActiveCfg = Release|Any CPU
		{E81BB22E-BB36-4D94-9086-DF74A78DBDCD}.Release|x86.Build.0 = Release|Any CPU
		{6E995C83-3455-4D5E-9308-1C0E0495A1F5}.Debug|Any CPU.ActiveCfg = Debug|Any CPU
		{6E995C83-3455-4D5E-9308-1C0E0495A1F5}.Debug|Any CPU.Build.0 = Debug|Any CPU
		{6E995C83-3455-4D5E-9308-1C0E0495A1F5}.Debug|x64.ActiveCfg = Debug|Any CPU
		{6E995C83-3455-4D5E-9308-1C0E0495A1F5}.Debug|x64.Build.0 = Debug|Any CPU
		{6E995C83-3455-4D5E-9308-1C0E0495A1F5}.Debug|x86.ActiveCfg = Debug|Any CPU
		{6E995C83-3455-4D5E-9308-1C0E0495A1F5}.Debug|x86.Build.0 = Debug|Any CPU
		{6E995C83-3455-4D5E-9308-1C0E0495A1F5}.Release|Any CPU.ActiveCfg = Release|Any CPU
		{6E995C83-3455-4D5E-9308-1C0E0495A1F5}.Release|Any CPU.Build.0 = Release|Any CPU
		{6E995C83-3455-4D5E-9308-1C0E0495A1F5}.Release|x64.ActiveCfg = Release|Any CPU
		{6E995C83-3455-4D5E-9308-1C0E0495A1F5}.Release|x64.Build.0 = Release|Any CPU
		{6E995C83-3455-4D5E-9308-1C0E0495A1F5}.Release|x86.ActiveCfg = Release|Any CPU
		{6E995C83-3455-4D5E-9308-1C0E0495A1F5}.Release|x86.Build.0 = Release|Any CPU
		{2310C33C-0F7A-420C-A66F-CBC715823A9A}.Debug|Any CPU.ActiveCfg = Debug|Any CPU
		{2310C33C-0F7A-420C-A66F-CBC715823A9A}.Debug|Any CPU.Build.0 = Debug|Any CPU
		{2310C33C-0F7A-420C-A66F-CBC715823A9A}.Debug|x64.ActiveCfg = Debug|Any CPU
		{2310C33C-0F7A-420C-A66F-CBC715823A9A}.Debug|x64.Build.0 = Debug|Any CPU
		{2310C33C-0F7A-420C-A66F-CBC715823A9A}.Debug|x86.ActiveCfg = Debug|Any CPU
		{2310C33C-0F7A-420C-A66F-CBC715823A9A}.Debug|x86.Build.0 = Debug|Any CPU
		{2310C33C-0F7A-420C-A66F-CBC715823A9A}.Release|Any CPU.ActiveCfg = Release|Any CPU
		{2310C33C-0F7A-420C-A66F-CBC715823A9A}.Release|Any CPU.Build.0 = Release|Any CPU
		{2310C33C-0F7A-420C-A66F-CBC715823A9A}.Release|x64.ActiveCfg = Release|Any CPU
		{2310C33C-0F7A-420C-A66F-CBC715823A9A}.Release|x64.Build.0 = Release|Any CPU
		{2310C33C-0F7A-420C-A66F-CBC715823A9A}.Release|x86.ActiveCfg = Release|Any CPU
		{2310C33C-0F7A-420C-A66F-CBC715823A9A}.Release|x86.Build.0 = Release|Any CPU
		{5F956B29-018D-4D9D-82B6-E7A4EC2071D7}.Debug|Any CPU.ActiveCfg = Debug|Any CPU
		{5F956B29-018D-4D9D-82B6-E7A4EC2071D7}.Debug|Any CPU.Build.0 = Debug|Any CPU
		{5F956B29-018D-4D9D-82B6-E7A4EC2071D7}.Debug|x64.ActiveCfg = Debug|Any CPU
		{5F956B29-018D-4D9D-82B6-E7A4EC2071D7}.Debug|x64.Build.0 = Debug|Any CPU
		{5F956B29-018D-4D9D-82B6-E7A4EC2071D7}.Debug|x86.ActiveCfg = Debug|Any CPU
		{5F956B29-018D-4D9D-82B6-E7A4EC2071D7}.Debug|x86.Build.0 = Debug|Any CPU
		{5F956B29-018D-4D9D-82B6-E7A4EC2071D7}.Release|Any CPU.ActiveCfg = Release|Any CPU
		{5F956B29-018D-4D9D-82B6-E7A4EC2071D7}.Release|Any CPU.Build.0 = Release|Any CPU
		{5F956B29-018D-4D9D-82B6-E7A4EC2071D7}.Release|x64.ActiveCfg = Release|Any CPU
		{5F956B29-018D-4D9D-82B6-E7A4EC2071D7}.Release|x64.Build.0 = Release|Any CPU
		{5F956B29-018D-4D9D-82B6-E7A4EC2071D7}.Release|x86.ActiveCfg = Release|Any CPU
		{5F956B29-018D-4D9D-82B6-E7A4EC2071D7}.Release|x86.Build.0 = Release|Any CPU
		{2D07B8D5-6117-46FF-A862-A23D0808EF0E}.Debug|Any CPU.ActiveCfg = Debug|Any CPU
		{2D07B8D5-6117-46FF-A862-A23D0808EF0E}.Debug|Any CPU.Build.0 = Debug|Any CPU
		{2D07B8D5-6117-46FF-A862-A23D0808EF0E}.Debug|x64.ActiveCfg = Debug|Any CPU
		{2D07B8D5-6117-46FF-A862-A23D0808EF0E}.Debug|x64.Build.0 = Debug|Any CPU
		{2D07B8D5-6117-46FF-A862-A23D0808EF0E}.Debug|x86.ActiveCfg = Debug|Any CPU
		{2D07B8D5-6117-46FF-A862-A23D0808EF0E}.Debug|x86.Build.0 = Debug|Any CPU
		{2D07B8D5-6117-46FF-A862-A23D0808EF0E}.Release|Any CPU.ActiveCfg = Release|Any CPU
		{2D07B8D5-6117-46FF-A862-A23D0808EF0E}.Release|Any CPU.Build.0 = Release|Any CPU
		{2D07B8D5-6117-46FF-A862-A23D0808EF0E}.Release|x64.ActiveCfg = Release|Any CPU
		{2D07B8D5-6117-46FF-A862-A23D0808EF0E}.Release|x64.Build.0 = Release|Any CPU
		{2D07B8D5-6117-46FF-A862-A23D0808EF0E}.Release|x86.ActiveCfg = Release|Any CPU
		{2D07B8D5-6117-46FF-A862-A23D0808EF0E}.Release|x86.Build.0 = Release|Any CPU
		{8CCB01CC-2F6E-45D6-8028-326FCE76BF5A}.Debug|Any CPU.ActiveCfg = Debug|Any CPU
		{8CCB01CC-2F6E-45D6-8028-326FCE76BF5A}.Debug|Any CPU.Build.0 = Debug|Any CPU
		{8CCB01CC-2F6E-45D6-8028-326FCE76BF5A}.Debug|x64.ActiveCfg = Debug|Any CPU
		{8CCB01CC-2F6E-45D6-8028-326FCE76BF5A}.Debug|x64.Build.0 = Debug|Any CPU
		{8CCB01CC-2F6E-45D6-8028-326FCE76BF5A}.Debug|x86.ActiveCfg = Debug|Any CPU
		{8CCB01CC-2F6E-45D6-8028-326FCE76BF5A}.Debug|x86.Build.0 = Debug|Any CPU
		{8CCB01CC-2F6E-45D6-8028-326FCE76BF5A}.Release|Any CPU.ActiveCfg = Release|Any CPU
		{8CCB01CC-2F6E-45D6-8028-326FCE76BF5A}.Release|Any CPU.Build.0 = Release|Any CPU
		{8CCB01CC-2F6E-45D6-8028-326FCE76BF5A}.Release|x64.ActiveCfg = Release|Any CPU
		{8CCB01CC-2F6E-45D6-8028-326FCE76BF5A}.Release|x64.Build.0 = Release|Any CPU
		{8CCB01CC-2F6E-45D6-8028-326FCE76BF5A}.Release|x86.ActiveCfg = Release|Any CPU
		{8CCB01CC-2F6E-45D6-8028-326FCE76BF5A}.Release|x86.Build.0 = Release|Any CPU
		{2E0629B3-C1FB-479F-B444-DFF1FA8F5F89}.Debug|Any CPU.ActiveCfg = Debug|Any CPU
		{2E0629B3-C1FB-479F-B444-DFF1FA8F5F89}.Debug|Any CPU.Build.0 = Debug|Any CPU
		{2E0629B3-C1FB-479F-B444-DFF1FA8F5F89}.Debug|x64.ActiveCfg = Debug|Any CPU
		{2E0629B3-C1FB-479F-B444-DFF1FA8F5F89}.Debug|x64.Build.0 = Debug|Any CPU
		{2E0629B3-C1FB-479F-B444-DFF1FA8F5F89}.Debug|x86.ActiveCfg = Debug|Any CPU
		{2E0629B3-C1FB-479F-B444-DFF1FA8F5F89}.Debug|x86.Build.0 = Debug|Any CPU
		{2E0629B3-C1FB-479F-B444-DFF1FA8F5F89}.Release|Any CPU.ActiveCfg = Release|Any CPU
		{2E0629B3-C1FB-479F-B444-DFF1FA8F5F89}.Release|Any CPU.Build.0 = Release|Any CPU
		{2E0629B3-C1FB-479F-B444-DFF1FA8F5F89}.Release|x64.ActiveCfg = Release|Any CPU
		{2E0629B3-C1FB-479F-B444-DFF1FA8F5F89}.Release|x64.Build.0 = Release|Any CPU
		{2E0629B3-C1FB-479F-B444-DFF1FA8F5F89}.Release|x86.ActiveCfg = Release|Any CPU
		{2E0629B3-C1FB-479F-B444-DFF1FA8F5F89}.Release|x86.Build.0 = Release|Any CPU
		{10EF093C-D02A-494A-B966-795D369DCC70}.Debug|Any CPU.ActiveCfg = Debug|Any CPU
		{10EF093C-D02A-494A-B966-795D369DCC70}.Debug|Any CPU.Build.0 = Debug|Any CPU
		{10EF093C-D02A-494A-B966-795D369DCC70}.Debug|x64.ActiveCfg = Debug|Any CPU
		{10EF093C-D02A-494A-B966-795D369DCC70}.Debug|x64.Build.0 = Debug|Any CPU
		{10EF093C-D02A-494A-B966-795D369DCC70}.Debug|x86.ActiveCfg = Debug|Any CPU
		{10EF093C-D02A-494A-B966-795D369DCC70}.Debug|x86.Build.0 = Debug|Any CPU
		{10EF093C-D02A-494A-B966-795D369DCC70}.Release|Any CPU.ActiveCfg = Release|Any CPU
		{10EF093C-D02A-494A-B966-795D369DCC70}.Release|Any CPU.Build.0 = Release|Any CPU
		{10EF093C-D02A-494A-B966-795D369DCC70}.Release|x64.ActiveCfg = Release|Any CPU
		{10EF093C-D02A-494A-B966-795D369DCC70}.Release|x64.Build.0 = Release|Any CPU
		{10EF093C-D02A-494A-B966-795D369DCC70}.Release|x86.ActiveCfg = Release|Any CPU
		{10EF093C-D02A-494A-B966-795D369DCC70}.Release|x86.Build.0 = Release|Any CPU
	EndGlobalSection
	GlobalSection(SolutionProperties) = preSolution
		HideSolutionNode = FALSE
	EndGlobalSection
	GlobalSection(NestedProjects) = preSolution
		{923D9AB1-A683-42D6-8A33-D92C25620865} = {827E0CD3-B72D-47B6-A68D-7590B98EB39B}
		{573C1FD9-F7B9-4E21-9403-C80048C515A7} = {827E0CD3-B72D-47B6-A68D-7590B98EB39B}
		{97DABBE8-D73C-4D24-B2DB-758F0A8147FF} = {827E0CD3-B72D-47B6-A68D-7590B98EB39B}
		{E968D565-AF2F-443E-9A34-CDB6E62D9650} = {5D20AA90-6969-D8BD-9DCD-8634F4692FDA}
		{557FDAD4-FF88-47C1-9514-BCA0E7B07550} = {0C88DD14-F956-CE84-757C-A364CCF449FC}
		{C6B9D276-0E9B-4BD1-BE0D-4B2B8D6A4C6F} = {0C88DD14-F956-CE84-757C-A364CCF449FC}
		{1C94AA72-F29F-4A01-AAE0-AEBDD7CB574C} = {0C88DD14-F956-CE84-757C-A364CCF449FC}
		{FE7E8A54-77F4-4E0A-97D8-98173A34A7EC} = {0C88DD14-F956-CE84-757C-A364CCF449FC}
		{2DCAD36E-181F-454D-AFF5-1DF7313DE9FF} = {827E0CD3-B72D-47B6-A68D-7590B98EB39B}
		{72324F7F-5AA3-495F-9CCD-9546096FF2F3} = {827E0CD3-B72D-47B6-A68D-7590B98EB39B}
		{00281DE1-F8DF-4BB8-B3B6-787FB8406E72} = {0C88DD14-F956-CE84-757C-A364CCF449FC}
		{849142DF-61A7-4691-A4A0-6DFAC6A55D18} = {0C88DD14-F956-CE84-757C-A364CCF449FC}
		{E81BB22E-BB36-4D94-9086-DF74A78DBDCD} = {827E0CD3-B72D-47B6-A68D-7590B98EB39B}
		{6E995C83-3455-4D5E-9308-1C0E0495A1F5} = {827E0CD3-B72D-47B6-A68D-7590B98EB39B}
		{2310C33C-0F7A-420C-A66F-CBC715823A9A} = {5D20AA90-6969-D8BD-9DCD-8634F4692FDA}
		{5F956B29-018D-4D9D-82B6-E7A4EC2071D7} = {5D20AA90-6969-D8BD-9DCD-8634F4692FDA}
		{2D07B8D5-6117-46FF-A862-A23D0808EF0E} = {827E0CD3-B72D-47B6-A68D-7590B98EB39B}
		{8CCB01CC-2F6E-45D6-8028-326FCE76BF5A} = {0C88DD14-F956-CE84-757C-A364CCF449FC}
		{2E0629B3-C1FB-479F-B444-DFF1FA8F5F89} = {0C88DD14-F956-CE84-757C-A364CCF449FC}
		{10EF093C-D02A-494A-B966-795D369DCC70} = {0C88DD14-F956-CE84-757C-A364CCF449FC}
		{512DF290-0AB1-442F-AA22-8ECCD694B269} = {5C5BFC1D-AF5B-4663-AD0F-013A2A15BD7B}
	EndGlobalSection
EndGlobal
